
Microsoft Visual Studio Solution File, Format Version 12.00
# Visual Studio Version 17
VisualStudioVersion = 17.3.32929.385
MinimumVisualStudioVersion = 10.0.40219.1
Project("{FAE04EC0-301F-11D3-BF4B-00C04F79EFBC}") = "DenicekMaleC3UWU", "DenicekMaleC3UWU\DenicekMaleC3UWU.csproj", "{64D71CBD-8642-4E83-821F-D36DD80083EC}"
EndProject
Project("{2150E333-8FDC-42A3-9474-1A3956D46DE8}") = "Položky řešení", "Položky řešení", "{337BE016-5294-4103-A2E1-2958E6091CF8}"
EndProject
Global
	GlobalSection(SolutionConfigurationPlatforms) = preSolution
		Debug|Any CPU = Debug|Any CPU
		Release|Any CPU = Release|Any CPU
	EndGlobalSection
	GlobalSection(ProjectConfigurationPlatforms) = postSolution
		{64D71CBD-8642-4E83-821F-D36DD80083EC}.Debug|Any CPU.ActiveCfg = Debug|Any CPU
		{64D71CBD-8642-4E83-821F-D36DD80083EC}.Debug|Any CPU.Build.0 = Debug|Any CPU
		{64D71CBD-8642-4E83-821F-D36DD80083EC}.Release|Any CPU.ActiveCfg = Release|Any CPU
		{64D71CBD-8642-4E83-821F-D36DD80083EC}.Release|Any CPU.Build.0 = Release|Any CPU
	EndGlobalSection
	GlobalSection(SolutionProperties) = preSolution
		HideSolutionNode = FALSE
	EndGlobalSection
	GlobalSection(ExtensibilityGlobals) = postSolution
		SolutionGuid = {F5D407FD-AFA4-43D8-96CB-601CD5B71CA4}
	EndGlobalSection
EndGlobal
